
Microsoft Visual Studio Solution File, Format Version 12.00
# Visual Studio Version 16
VisualStudioVersion = 16.0.29806.167
MinimumVisualStudioVersion = 10.0.40219.1
Project("{FAE04EC0-301F-11D3-BF4B-00C04F79EFBC}") = "LiveWallpaper", "LiveWallpaper.csproj", "{FA7A4746-DAAE-4F09-A876-704DE31F4E3B}"
EndProject
Global
	GlobalSection(SolutionConfigurationPlatforms) = preSolution
		Debug|Any CPU = Debug|Any CPU
		Release|Any CPU = Release|Any CPU
	EndGlobalSection
	GlobalSection(ProjectConfigurationPlatforms) = postSolution
		{FA7A4746-DAAE-4F09-A876-704DE31F4E3B}.Debug|Any CPU.ActiveCfg = Debug|Any CPU
		{FA7A4746-DAAE-4F09-A876-704DE31F4E3B}.Debug|Any CPU.Build.0 = Debug|Any CPU
		{FA7A4746-DAAE-4F09-A876-704DE31F4E3B}.Release|Any CPU.ActiveCfg = Release|Any CPU
		{FA7A4746-DAAE-4F09-A876-704DE31F4E3B}.Release|Any CPU.Build.0 = Release|Any CPU
	EndGlobalSection
	GlobalSection(SolutionProperties) = preSolution
		HideSolutionNode = FALSE
	EndGlobalSection
	GlobalSection(ExtensibilityGlobals) = postSolution
		SolutionGuid = {2B3B1043-C8EF-468D-91D0-D8C19724A1B0}
	EndGlobalSection
EndGlobal
